
Microsoft Visual Studio Solution File, Format Version 12.00
# Visual Studio Version 17
VisualStudioVersion = 17.0.31903.59
MinimumVisualStudioVersion = 10.0.40219.1
Project("{FAE04EC0-301F-11D3-BF4B-00C04F79EFBC}") = "Jx3.Common", "Jx3.Common\Jx3.Common.csproj", "{77553B3F-B2BC-4767-8C73-C6F8D80032FE}"
EndProject
Project("{FAE04EC0-301F-11D3-BF4B-00C04F79EFBC}") = "Jx3.Gateway", "Jx3.Gateway\Jx3.Gateway.csproj", "{64A7E0AD-2DD2-4067-82F5-96DF96C1997F}"
EndProject
Project("{FAE04EC0-301F-11D3-BF4B-00C04F79EFBC}") = "Jx3.Login", "Jx3.Login\Jx3.Login.csproj", "{56CDF353-CDF8-4D30-9776-73E8DF42F03C}"
EndProject
Project("{FAE04EC0-301F-11D3-BF4B-00C04F79EFBC}") = "Jx3.Hero", "Jx3.Hero\Jx3.Hero.csproj", "{34D2FBAC-A3F6-4B07-9AA4-18611CDCD825}"
EndProject
Project("{FAE04EC0-301F-11D3-BF4B-00C04F79EFBC}") = "Jx3.Trade", "Jx3.Trade\Jx3.Trade.csproj", "{E4F8B63F-EFD3-4690-AAFE-7A6DE15239B2}"
EndProject
Project("{FAE04EC0-301F-11D3-BF4B-00C04F79EFBC}") = "Jx3.Battle", "Jx3.Battle\Jx3.Battle.csproj", "{38977B54-A2CC-49AF-8807-10CEA3E2C8E4}"
EndProject
Project("{FAE04EC0-301F-11D3-BF4B-00C04F79EFBC}") = "Jx3.Dungeon", "Jx3.Dungeon\Jx3.Dungeon.csproj", "{2269C6A4-01B8-42FF-A853-75A82FE74453}"
EndProject
Project("{FAE04EC0-301F-11D3-BF4B-00C04F79EFBC}") = "Jx3.Chat", "Jx3.Chat\Jx3.Chat.csproj", "{C241445F-5ACD-4A81-A932-0B7D6B705412}"
EndProject
Project("{FAE04EC0-301F-11D3-BF4B-00C04F79EFBC}") = "Jx3.Social", "Jx3.Social\Jx3.Social.csproj", "{9BA09C96-2025-4695-B27A-5AF8F8F740F6}"
EndProject
Project("{FAE04EC0-301F-11D3-BF4B-00C04F79EFBC}") = "Jx3.PVP", "Jx3.PVP\Jx3.PVP.csproj", "{DDDC922C-061A-4D8B-B8BD-6037B299BC40}"
EndProject
Project("{FAE04EC0-301F-11D3-BF4B-00C04F79EFBC}") = "Jx3.Shop", "Jx3.Shop\Jx3.Shop.csproj", "{66798329-E32F-410C-A4CD-C1296A8B4E38}"
EndProject
Project("{FAE04EC0-301F-11D3-BF4B-00C04F79EFBC}") = "Jx3.Quest", "Jx3.Quest\Jx3.Quest.csproj", "{20DCD8BD-4C8A-4CD9-BF45-8651ED1E89D0}"
EndProject
Project("{FAE04EC0-301F-11D3-BF4B-00C04F79EFBC}") = "Jx3.Voice", "Jx3.Voice\Jx3.Voice.csproj", "{2A491366-BCB1-49BC-9AA4-C3BDCDCB4443}"
EndProject
Project("{FAE04EC0-301F-11D3-BF4B-00C04F79EFBC}") = "Jx3.Admin", "Jx3.Admin\Jx3.Admin.csproj", "{7F9F43AC-3B8B-49A2-8EC4-FA68FEA88CA4}"
EndProject
Project("{FAE04EC0-301F-11D3-BF4B-00C04F79EFBC}") = "Jx3.AdminWeb", "Jx3.AdminWeb\Jx3.AdminWeb.csproj", "{D3C08F96-38D8-4E8E-96D5-2927334E6D81}"
EndProject
Project("{FAE04EC0-301F-11D3-BF4B-00C04F79EFBC}") = "Jx3.MockServer", "Jx3.MockServer\Jx3.MockServer.csproj", "{28AE1F51-F649-447A-92C4-972B9F38414B}"
EndProject
Project("{FAE04EC0-301F-11D3-BF4B-00C04F79EFBC}") = "Jx3.Launcher", "Jx3.Launcher\Jx3.Launcher.csproj", "{0AEB4F4C-A9D9-4926-A155-AF3304D1F666}"
EndProject
Project("{FAE04EC0-301F-11D3-BF4B-00C04F79EFBC}") = "Jx3.Tests", "Jx3.Tests\Jx3.Tests.csproj", "{F9AFF72C-38BC-4E82-A69B-9F7CC5E947FC}"
EndProject
Global
	GlobalSection(SolutionConfigurationPlatforms) = preSolution
		Debug|Any CPU = Debug|Any CPU
		Debug|x64 = Debug|x64
		Debug|x86 = Debug|x86
		Release|Any CPU = Release|Any CPU
		Release|x64 = Release|x64
		Release|x86 = Release|x86
	EndGlobalSection
	GlobalSection(ProjectConfigurationPlatforms) = postSolution
		{77553B3F-B2BC-4767-8C73-C6F8D80032FE}.Debug|Any CPU.ActiveCfg = Debug|Any CPU
		{77553B3F-B2BC-4767-8C73-C6F8D80032FE}.Debug|Any CPU.Build.0 = Debug|Any CPU
		{77553B3F-B2BC-4767-8C73-C6F8D80032FE}.Debug|x64.ActiveCfg = Debug|Any CPU
		{77553B3F-B2BC-4767-8C73-C6F8D80032FE}.Debug|x64.Build.0 = Debug|Any CPU
		{77553B3F-B2BC-4767-8C73-C6F8D80032FE}.Debug|x86.ActiveCfg = Debug|Any CPU
		{77553B3F-B2BC-4767-8C73-C6F8D80032FE}.Debug|x86.Build.0 = Debug|Any CPU
		{77553B3F-B2BC-4767-8C73-C6F8D80032FE}.Release|Any CPU.ActiveCfg = Release|Any CPU
		{77553B3F-B2BC-4767-8C73-C6F8D80032FE}.Release|Any CPU.Build.0 = Release|Any CPU
		{77553B3F-B2BC-4767-8C73-C6F8D80032FE}.Release|x64.ActiveCfg = Release|Any CPU
		{77553B3F-B2BC-4767-8C73-C6F8D80032FE}.Release|x64.Build.0 = Release|Any CPU
		{77553B3F-B2BC-4767-8C73-C6F8D80032FE}.Release|x86.ActiveCfg = Release|Any CPU
		{77553B3F-B2BC-4767-8C73-C6F8D80032FE}.Release|x86.Build.0 = Release|Any CPU
		{64A7E0AD-2DD2-4067-82F5-96DF96C1997F}.Debug|Any CPU.ActiveCfg = Debug|Any CPU
		{64A7E0AD-2DD2-4067-82F5-96DF96C1997F}.Debug|Any CPU.Build.0 = Debug|Any CPU
		{64A7E0AD-2DD2-4067-82F5-96DF96C1997F}.Debug|x64.ActiveCfg = Debug|Any CPU
		{64A7E0AD-2DD2-4067-82F5-96DF96C1997F}.Debug|x64.Build.0 = Debug|Any CPU
		{64A7E0AD-2DD2-4067-82F5-96DF96C1997F}.Debug|x86.ActiveCfg = Debug|Any CPU
		{64A7E0AD-2DD2-4067-82F5-96DF96C1997F}.Debug|x86.Build.0 = Debug|Any CPU
		{64A7E0AD-2DD2-4067-82F5-96DF96C1997F}.Release|Any CPU.ActiveCfg = Release|Any CPU
		{64A7E0AD-2DD2-4067-82F5-96DF96C1997F}.Release|Any CPU.Build.0 = Release|Any CPU
		{64A7E0AD-2DD2-4067-82F5-96DF96C1997F}.Release|x64.ActiveCfg = Release|Any CPU
		{64A7E0AD-2DD2-4067-82F5-96DF96C1997F}.Release|x64.Build.0 = Release|Any CPU
		{64A7E0AD-2DD2-4067-82F5-96DF96C1997F}.Release|x86.ActiveCfg = Release|Any CPU
		{64A7E0AD-2DD2-4067-82F5-96DF96C1997F}.Release|x86.Build.0 = Release|Any CPU
		{56CDF353-CDF8-4D30-9776-73E8DF42F03C}.Debug|Any CPU.ActiveCfg = Debug|Any CPU
		{56CDF353-CDF8-4D30-9776-73E8DF42F03C}.Debug|Any CPU.Build.0 = Debug|Any CPU
		{56CDF353-CDF8-4D30-9776-73E8DF42F03C}.Debug|x64.ActiveCfg = Debug|Any CPU
		{56CDF353-CDF8-4D30-9776-73E8DF42F03C}.Debug|x64.Build.0 = Debug|Any CPU
		{56CDF353-CDF8-4D30-9776-73E8DF42F03C}.Debug|x86.ActiveCfg = Debug|Any CPU
		{56CDF353-CDF8-4D30-9776-73E8DF42F03C}.Debug|x86.Build.0 = Debug|Any CPU
		{56CDF353-CDF8-4D30-9776-73E8DF42F03C}.Release|Any CPU.ActiveCfg = Release|Any CPU
		{56CDF353-CDF8-4D30-9776-73E8DF42F03C}.Release|Any CPU.Build.0 = Release|Any CPU
		{56CDF353-CDF8-4D30-9776-73E8DF42F03C}.Release|x64.ActiveCfg = Release|Any CPU
		{56CDF353-CDF8-4D30-9776-73E8DF42F03C}.Release|x64.Build.0 = Release|Any CPU
		{56CDF353-CDF8-4D30-9776-73E8DF42F03C}.Release|x86.ActiveCfg = Release|Any CPU
		{56CDF353-CDF8-4D30-9776-73E8DF42F03C}.Release|x86.Build.0 = Release|Any CPU
		{34D2FBAC-A3F6-4B07-9AA4-18611CDCD825}.Debug|Any CPU.ActiveCfg = Debug|Any CPU
		{34D2FBAC-A3F6-4B07-9AA4-18611CDCD825}.Debug|Any CPU.Build.0 = Debug|Any CPU
		{34D2FBAC-A3F6-4B07-9AA4-18611CDCD825}.Debug|x64.ActiveCfg = Debug|Any CPU
		{34D2FBAC-A3F6-4B07-9AA4-18611CDCD825}.Debug|x64.Build.0 = Debug|Any CPU
		{34D2FBAC-A3F6-4B07-9AA4-18611CDCD825}.Debug|x86.ActiveCfg = Debug|Any CPU
		{34D2FBAC-A3F6-4B07-9AA4-18611CDCD825}.Debug|x86.Build.0 = Debug|Any CPU
		{34D2FBAC-A3F6-4B07-9AA4-18611CDCD825}.Release|Any CPU.ActiveCfg = Release|Any CPU
		{34D2FBAC-A3F6-4B07-9AA4-18611CDCD825}.Release|Any CPU.Build.0 = Release|Any CPU
		{34D2FBAC-A3F6-4B07-9AA4-18611CDCD825}.Release|x64.ActiveCfg = Release|Any CPU
		{34D2FBAC-A3F6-4B07-9AA4-18611CDCD825}.Release|x64.Build.0 = Release|Any CPU
		{34D2FBAC-A3F6-4B07-9AA4-18611CDCD825}.Release|x86.ActiveCfg = Release|Any CPU
		{34D2FBAC-A3F6-4B07-9AA4-18611CDCD825}.Release|x86.Build.0 = Release|Any CPU
		{E4F8B63F-EFD3-4690-AAFE-7A6DE15239B2}.Debug|Any CPU.ActiveCfg = Debug|Any CPU
		{E4F8B63F-EFD3-4690-AAFE-7A6DE15239B2}.Debug|Any CPU.Build.0 = Debug|Any CPU
		{E4F8B63F-EFD3-4690-AAFE-7A6DE15239B2}.Debug|x64.ActiveCfg = Debug|Any CPU
		{E4F8B63F-EFD3-4690-AAFE-7A6DE15239B2}.Debug|x64.Build.0 = Debug|Any CPU
		{E4F8B63F-EFD3-4690-AAFE-7A6DE15239B2}.Debug|x86.ActiveCfg = Debug|Any CPU
		{E4F8B63F-EFD3-4690-AAFE-7A6DE15239B2}.Debug|x86.Build.0 = Debug|Any CPU
		{E4F8B63F-EFD3-4690-AAFE-7A6DE15239B2}.Release|Any CPU.ActiveCfg = Release|Any CPU
		{E4F8B63F-EFD3-4690-AAFE-7A6DE15239B2}.Release|Any CPU.Build.0 = Release|Any CPU
		{E4F8B63F-EFD3-4690-AAFE-7A6DE15239B2}.Release|x64.ActiveCfg = Release|Any CPU
		{E4F8B63F-EFD3-4690-AAFE-7A6DE15239B2}.Release|x64.Build.0 = Release|Any CPU
		{E4F8B63F-EFD3-4690-AAFE-7A6DE15239B2}.Release|x86.ActiveCfg = Release|Any CPU
		{E4F8B63F-EFD3-4690-AAFE-7A6DE15239B2}.Release|x86.Build.0 = Release|Any CPU
		{38977B54-A2CC-49AF-8807-10CEA3E2C8E4}.Debug|Any CPU.ActiveCfg = Debug|Any CPU
		{38977B54-A2CC-49AF-8807-10CEA3E2C8E4}.Debug|Any CPU.Build.0 = Debug|Any CPU
		{38977B54-A2CC-49AF-8807-10CEA3E2C8E4}.Debug|x64.ActiveCfg = Debug|Any CPU
		{38977B54-A2CC-49AF-8807-10CEA3E2C8E4}.Debug|x64.Build.0 = Debug|Any CPU
		{38977B54-A2CC-49AF-8807-10CEA3E2C8E4}.Debug|x86.ActiveCfg = Debug|Any CPU
		{38977B54-A2CC-49AF-8807-10CEA3E2C8E4}.Debug|x86.Build.0 = Debug|Any CPU
		{38977B54-A2CC-49AF-8807-10CEA3E2C8E4}.Release|Any CPU.ActiveCfg = Release|Any CPU
		{38977B54-A2CC-49AF-8807-10CEA3E2C8E4}.Release|Any CPU.Build.0 = Release|Any CPU
		{38977B54-A2CC-49AF-8807-10CEA3E2C8E4}.Release|x64.ActiveCfg = Release|Any CPU
		{38977B54-A2CC-49AF-8807-10CEA3E2C8E4}.Release|x64.Build.0 = Release|Any CPU
		{38977B54-A2CC-49AF-8807-10CEA3E2C8E4}.Release|x86.ActiveCfg = Release|Any CPU
		{38977B54-A2CC-49AF-8807-10CEA3E2C8E4}.Release|x86.Build.0 = Release|Any CPU
		{2269C6A4-01B8-42FF-A853-75A82FE74453}.Debug|Any CPU.ActiveCfg = Debug|Any CPU
		{2269C6A4-01B8-42FF-A853-75A82FE74453}.Debug|Any CPU.Build.0 = Debug|Any CPU
		{2269C6A4-01B8-42FF-A853-75A82FE74453}.Debug|x64.ActiveCfg = Debug|Any CPU
		{2269C6A4-01B8-42FF-A853-75A82FE74453}.Debug|x64.Build.0 = Debug|Any CPU
		{2269C6A4-01B8-42FF-A853-75A82FE74453}.Debug|x86.ActiveCfg = Debug|Any CPU
		{2269C6A4-01B8-42FF-A853-75A82FE74453}.Debug|x86.Build.0 = Debug|Any CPU
		{2269C6A4-01B8-42FF-A853-75A82FE74453}.Release|Any CPU.ActiveCfg = Release|Any CPU
		{2269C6A4-01B8-42FF-A853-75A82FE74453}.Release|Any CPU.Build.0 = Release|Any CPU
		{2269C6A4-01B8-42FF-A853-75A82FE74453}.Release|x64.ActiveCfg = Release|Any CPU
		{2269C6A4-01B8-42FF-A853-75A82FE74453}.Release|x64.Build.0 = Release|Any CPU
		{2269C6A4-01B8-42FF-A853-75A82FE74453}.Release|x86.ActiveCfg = Release|Any CPU
		{2269C6A4-01B8-42FF-A853-75A82FE74453}.Release|x86.Build.0 = Release|Any CPU
		{C241445F-5ACD-4A81-A932-0B7D6B705412}.Debug|Any CPU.ActiveCfg = Debug|Any CPU
		{C241445F-5ACD-4A81-A932-0B7D6B705412}.Debug|Any CPU.Build.0 = Debug|Any CPU
		{C241445F-5ACD-4A81-A932-0B7D6B705412}.Debug|x64.ActiveCfg = Debug|Any CPU
		{C241445F-5ACD-4A81-A932-0B7D6B705412}.Debug|x64.Build.0 = Debug|Any CPU
		{C241445F-5ACD-4A81-A932-0B7D6B705412}.Debug|x86.ActiveCfg = Debug|Any CPU
		{C241445F-5ACD-4A81-A932-0B7D6B705412}.Debug|x86.Build.0 = Debug|Any CPU
		{C241445F-5ACD-4A81-A932-0B7D6B705412}.Release|Any CPU.ActiveCfg = Release|Any CPU
		{C241445F-5ACD-4A81-A932-0B7D6B705412}.Release|Any CPU.Build.0 = Release|Any CPU
		{C241445F-5ACD-4A81-A932-0B7D6B705412}.Release|x64.ActiveCfg = Release|Any CPU
		{C241445F-5ACD-4A81-A932-0B7D6B705412}.Release|x64.Build.0 = Release|Any CPU
		{C241445F-5ACD-4A81-A932-0B7D6B705412}.Release|x86.ActiveCfg = Release|Any CPU
		{C241445F-5ACD-4A81-A932-0B7D6B705412}.Release|x86.Build.0 = Release|Any CPU
		{9BA09C96-2025-4695-B27A-5AF8F8F740F6}.Debug|Any CPU.ActiveCfg = Debug|Any CPU
		{9BA09C96-2025-4695-B27A-5AF8F8F740F6}.Debug|Any CPU.Build.0 = Debug|Any CPU
		{9BA09C96-2025-4695-B27A-5AF8F8F740F6}.Debug|x64.ActiveCfg = Debug|Any CPU
		{9BA09C96-2025-4695-B27A-5AF8F8F740F6}.Debug|x64.Build.0 = Debug|Any CPU
		{9BA09C96-2025-4695-B27A-5AF8F8F740F6}.Debug|x86.ActiveCfg = Debug|Any CPU
		{9BA09C96-2025-4695-B27A-5AF8F8F740F6}.Debug|x86.Build.0 = Debug|Any CPU
		{9BA09C96-2025-4695-B27A-5AF8F8F740F6}.Release|Any CPU.ActiveCfg = Release|Any CPU
		{9BA09C96-2025-4695-B27A-5AF8F8F740F6}.Release|Any CPU.Build.0 = Release|Any CPU
		{9BA09C96-2025-4695-B27A-5AF8F8F740F6}.Release|x64.ActiveCfg = Release|Any CPU
		{9BA09C96-2025-4695-B27A-5AF8F8F740F6}.Release|x64.Build.0 = Release|Any CPU
		{9BA09C96-2025-4695-B27A-5AF8F8F740F6}.Release|x86.ActiveCfg = Release|Any CPU
		{9BA09C96-2025-4695-B27A-5AF8F8F740F6}.Release|x86.Build.0 = Release|Any CPU
		{DDDC922C-061A-4D8B-B8BD-6037B299BC40}.Debug|Any CPU.ActiveCfg = Debug|Any CPU
		{DDDC922C-061A-4D8B-B8BD-6037B299BC40}.Debug|Any CPU.Build.0 = Debug|Any CPU
		{DDDC922C-061A-4D8B-B8BD-6037B299BC40}.Debug|x64.ActiveCfg = Debug|Any CPU
		{DDDC922C-061A-4D8B-B8BD-6037B299BC40}.Debug|x64.Build.0 = Debug|Any CPU
		{DDDC922C-061A-4D8B-B8BD-6037B299BC40}.Debug|x86.ActiveCfg = Debug|Any CPU
		{DDDC922C-061A-4D8B-B8BD-6037B299BC40}.Debug|x86.Build.0 = Debug|Any CPU
		{DDDC922C-061A-4D8B-B8BD-6037B299BC40}.Release|Any CPU.ActiveCfg = Release|Any CPU
		{DDDC922C-061A-4D8B-B8BD-6037B299BC40}.Release|Any CPU.Build.0 = Release|Any CPU
		{DDDC922C-061A-4D8B-B8BD-6037B299BC40}.Release|x64.ActiveCfg = Release|Any CPU
		{DDDC922C-061A-4D8B-B8BD-6037B299BC40}.Release|x64.Build.0 = Release|Any CPU
		{DDDC922C-061A-4D8B-B8BD-6037B299BC40}.Release|x86.ActiveCfg = Release|Any CPU
		{DDDC922C-061A-4D8B-B8BD-6037B299BC40}.Release|x86.Build.0 = Release|Any CPU
		{66798329-E32F-410C-A4CD-C1296A8B4E38}.Debug|Any CPU.ActiveCfg = Debug|Any CPU
		{66798329-E32F-410C-A4CD-C1296A8B4E38}.Debug|Any CPU.Build.0 = Debug|Any CPU
		{66798329-E32F-410C-A4CD-C1296A8B4E38}.Debug|x64.ActiveCfg = Debug|Any CPU
		{66798329-E32F-410C-A4CD-C1296A8B4E38}.Debug|x64.Build.0 = Debug|Any CPU
		{66798329-E32F-410C-A4CD-C1296A8B4E38}.Debug|x86.ActiveCfg = Debug|Any CPU
		{66798329-E32F-410C-A4CD-C1296A8B4E38}.Debug|x86.Build.0 = Debug|Any CPU
		{66798329-E32F-410C-A4CD-C1296A8B4E38}.Release|Any CPU.ActiveCfg = Release|Any CPU
		{66798329-E32F-410C-A4CD-C1296A8B4E38}.Release|Any CPU.Build.0 = Release|Any CPU
		{66798329-E32F-410C-A4CD-C1296A8B4E38}.Release|x64.ActiveCfg = Release|Any CPU
		{66798329-E32F-410C-A4CD-C1296A8B4E38}.Release|x64.Build.0 = Release|Any CPU
		{66798329-E32F-410C-A4CD-C1296A8B4E38}.Release|x86.ActiveCfg = Release|Any CPU
		{66798329-E32F-410C-A4CD-C1296A8B4E38}.Release|x86.Build.0 = Release|Any CPU
		{20DCD8BD-4C8A-4CD9-BF45-8651ED1E89D0}.Debug|Any CPU.ActiveCfg = Debug|Any CPU
		{20DCD8BD-4C8A-4CD9-BF45-8651ED1E89D0}.Debug|Any CPU.Build.0 = Debug|Any CPU
		{20DCD8BD-4C8A-4CD9-BF45-8651ED1E89D0}.Debug|x64.ActiveCfg = Debug|Any CPU
		{20DCD8BD-4C8A-4CD9-BF45-8651ED1E89D0}.Debug|x64.Build.0 = Debug|Any CPU
		{20DCD8BD-4C8A-4CD9-BF45-8651ED1E89D0}.Debug|x86.ActiveCfg = Debug|Any CPU
		{20DCD8BD-4C8A-4CD9-BF45-8651ED1E89D0}.Debug|x86.Build.0 = Debug|Any CPU
		{20DCD8BD-4C8A-4CD9-BF45-8651ED1E89D0}.Release|Any CPU.ActiveCfg = Release|Any CPU
		{20DCD8BD-4C8A-4CD9-BF45-8651ED1E89D0}.Release|Any CPU.Build.0 = Release|Any CPU
		{20DCD8BD-4C8A-4CD9-BF45-8651ED1E89D0}.Release|x64.ActiveCfg = Release|Any CPU
		{20DCD8BD-4C8A-4CD9-BF45-8651ED1E89D0}.Release|x64.Build.0 = Release|Any CPU
		{20DCD8BD-4C8A-4CD9-BF45-8651ED1E89D0}.Release|x86.ActiveCfg = Release|Any CPU
		{20DCD8BD-4C8A-4CD9-BF45-8651ED1E89D0}.Release|x86.Build.0 = Release|Any CPU
		{2A491366-BCB1-49BC-9AA4-C3BDCDCB4443}.Debug|Any CPU.ActiveCfg = Debug|Any CPU
		{2A491366-BCB1-49BC-9AA4-C3BDCDCB4443}.Debug|Any CPU.Build.0 = Debug|Any CPU
		{2A491366-BCB1-49BC-9AA4-C3BDCDCB4443}.Debug|x64.ActiveCfg = Debug|Any CPU
		{2A491366-BCB1-49BC-9AA4-C3BDCDCB4443}.Debug|x64.Build.0 = Debug|Any CPU
		{2A491366-BCB1-49BC-9AA4-C3BDCDCB4443}.Debug|x86.ActiveCfg = Debug|Any CPU
		{2A491366-BCB1-49BC-9AA4-C3BDCDCB4443}.Debug|x86.Build.0 = Debug|Any CPU
		{2A491366-BCB1-49BC-9AA4-C3BDCDCB4443}.Release|Any CPU.ActiveCfg = Release|Any CPU
		{2A491366-BCB1-49BC-9AA4-C3BDCDCB4443}.Release|Any CPU.Build.0 = Release|Any CPU
		{2A491366-BCB1-49BC-9AA4-C3BDCDCB4443}.Release|x64.ActiveCfg = Release|Any CPU
		{2A491366-BCB1-49BC-9AA4-C3BDCDCB4443}.Release|x64.Build.0 = Release|Any CPU
		{2A491366-BCB1-49BC-9AA4-C3BDCDCB4443}.Release|x86.ActiveCfg = Release|Any CPU
		{2A491366-BCB1-49BC-9AA4-C3BDCDCB4443}.Release|x86.Build.0 = Release|Any CPU
		{7F9F43AC-3B8B-49A2-8EC4-FA68FEA88CA4}.Debug|Any CPU.ActiveCfg = Debug|Any CPU
		{7F9F43AC-3B8B-49A2-8EC4-FA68FEA88CA4}.Debug|Any CPU.Build.0 = Debug|Any CPU
		{7F9F43AC-3B8B-49A2-8EC4-FA68FEA88CA4}.Debug|x64.ActiveCfg = Debug|Any CPU
		{7F9F43AC-3B8B-49A2-8EC4-FA68FEA88CA4}.Debug|x64.Build.0 = Debug|Any CPU
		{7F9F43AC-3B8B-49A2-8EC4-FA68FEA88CA4}.Debug|x86.ActiveCfg = Debug|Any CPU
		{7F9F43AC-3B8B-49A2-8EC4-FA68FEA88CA4}.Debug|x86.Build.0 = Debug|Any CPU
		{7F9F43AC-3B8B-49A2-8EC4-FA68FEA88CA4}.Release|Any CPU.ActiveCfg = Release|Any CPU
		{7F9F43AC-3B8B-49A2-8EC4-FA68FEA88CA4}.Release|Any CPU.Build.0 = Release|Any CPU
		{7F9F43AC-3B8B-49A2-8EC4-FA68FEA88CA4}.Release|x64.ActiveCfg = Release|Any CPU
		{7F9F43AC-3B8B-49A2-8EC4-FA68FEA88CA4}.Release|x64.Build.0 = Release|Any CPU
		{7F9F43AC-3B8B-49A2-8EC4-FA68FEA88CA4}.Release|x86.ActiveCfg = Release|Any CPU
		{7F9F43AC-3B8B-49A2-8EC4-FA68FEA88CA4}.Release|x86.Build.0 = Release|Any CPU
		{D3C08F96-38D8-4E8E-96D5-2927334E6D81}.Debug|Any CPU.ActiveCfg = Debug|Any CPU
		{D3C08F96-38D8-4E8E-96D5-2927334E6D81}.Debug|Any CPU.Build.0 = Debug|Any CPU
		{D3C08F96-38D8-4E8E-96D5-2927334E6D81}.Debug|x64.ActiveCfg = Debug|Any CPU
		{D3C08F96-38D8-4E8E-96D5-2927334E6D81}.Debug|x64.Build.0 = Debug|Any CPU
		{D3C08F96-38D8-4E8E-96D5-2927334E6D81}.Debug|x86.ActiveCfg = Debug|Any CPU
		{D3C08F96-38D8-4E8E-96D5-2927334E6D81}.Debug|x86.Build.0 = Debug|Any CPU
		{D3C08F96-38D8-4E8E-96D5-2927334E6D81}.Release|Any CPU.ActiveCfg = Release|Any CPU
		{D3C08F96-38D8-4E8E-96D5-2927334E6D81}.Release|Any CPU.Build.0 = Release|Any CPU
		{D3C08F96-38D8-4E8E-96D5-2927334E6D81}.Release|x64.ActiveCfg = Release|Any CPU
		{D3C08F96-38D8-4E8E-96D5-2927334E6D81}.Release|x64.Build.0 = Release|Any CPU
		{D3C08F96-38D8-4E8E-96D5-2927334E6D81}.Release|x86.ActiveCfg = Release|Any CPU
		{D3C08F96-38D8-4E8E-96D5-2927334E6D81}.Release|x86.Build.0 = Release|Any CPU
		{28AE1F51-F649-447A-92C4-972B9F38414B}.Debug|Any CPU.ActiveCfg = Debug|Any CPU
		{28AE1F51-F649-447A-92C4-972B9F38414B}.Debug|Any CPU.Build.0 = Debug|Any CPU
		{28AE1F51-F649-447A-92C4-972B9F38414B}.Debug|x64.ActiveCfg = Debug|Any CPU
		{28AE1F51-F649-447A-92C4-972B9F38414B}.Debug|x64.Build.0 = Debug|Any CPU
		{28AE1F51-F649-447A-92C4-972B9F38414B}.Debug|x86.ActiveCfg = Debug|Any CPU
		{28AE1F51-F649-447A-92C4-972B9F38414B}.Debug|x86.Build.0 = Debug|Any CPU
		{28AE1F51-F649-447A-92C4-972B9F38414B}.Release|Any CPU.ActiveCfg = Release|Any CPU
		{28AE1F51-F649-447A-92C4-972B9F38414B}.Release|Any CPU.Build.0 = Release|Any CPU
		{28AE1F51-F649-447A-92C4-972B9F38414B}.Release|x64.ActiveCfg = Release|Any CPU
		{28AE1F51-F649-447A-92C4-972B9F38414B}.Release|x64.Build.0 = Release|Any CPU
		{28AE1F51-F649-447A-92C4-972B9F38414B}.Release|x86.ActiveCfg = Release|Any CPU
		{28AE1F51-F649-447A-92C4-972B9F38414B}.Release|x86.Build.0 = Release|Any CPU
		{0AEB4F4C-A9D9-4926-A155-AF3304D1F666}.Debug|Any CPU.ActiveCfg = Debug|Any CPU
		{0AEB4F4C-A9D9-4926-A155-AF3304D1F666}.Debug|Any CPU.Build.0 = Debug|Any CPU
		{0AEB4F4C-A9D9-4926-A155-AF3304D1F666}.Debug|x64.ActiveCfg = Debug|Any CPU
		{0AEB4F4C-A9D9-4926-A155-AF3304D1F666}.Debug|x64.Build.0 = Debug|Any CPU
		{0AEB4F4C-A9D9-4926-A155-AF3304D1F666}.Debug|x86.ActiveCfg = Debug|Any CPU
		{0AEB4F4C-A9D9-4926-A155-AF3304D1F666}.Debug|x86.Build.0 = Debug|Any CPU
		{0AEB4F4C-A9D9-4926-A155-AF3304D1F666}.Release|Any CPU.ActiveCfg = Release|Any CPU
		{0AEB4F4C-A9D9-4926-A155-AF3304D1F666}.Release|Any CPU.Build.0 = Release|Any CPU
		{0AEB4F4C-A9D9-4926-A155-AF3304D1F666}.Release|x64.ActiveCfg = Release|Any CPU
		{0AEB4F4C-A9D9-4926-A155-AF3304D1F666}.Release|x64.Build.0 = Release|Any CPU
		{0AEB4F4C-A9D9-4926-A155-AF3304D1F666}.Release|x86.ActiveCfg = Release|Any CPU
		{0AEB4F4C-A9D9-4926-A155-AF3304D1F666}.Release|x86.Build.0 = Release|Any CPU
		{F9AFF72C-38BC-4E82-A69B-9F7CC5E947FC}.Debug|Any CPU.ActiveCfg = Debug|Any CPU
		{F9AFF72C-38BC-4E82-A69B-9F7CC5E947FC}.Debug|Any CPU.Build.0 = Debug|Any CPU
		{F9AFF72C-38BC-4E82-A69B-9F7CC5E947FC}.Debug|x64.ActiveCfg = Debug|Any CPU
		{F9AFF72C-38BC-4E82-A69B-9F7CC5E947FC}.Debug|x64.Build.0 = Debug|Any CPU
		{F9AFF72C-38BC-4E82-A69B-9F7CC5E947FC}.Debug|x86.ActiveCfg = Debug|Any CPU
		{F9AFF72C-38BC-4E82-A69B-9F7CC5E947FC}.Debug|x86.Build.0 = Debug|Any CPU
		{F9AFF72C-38BC-4E82-A69B-9F7CC5E947FC}.Release|Any CPU.ActiveCfg = Release|Any CPU
		{F9AFF72C-38BC-4E82-A69B-9F7CC5E947FC}.Release|Any CPU.Build.0 = Release|Any CPU
		{F9AFF72C-38BC-4E82-A69B-9F7CC5E947FC}.Release|x64.ActiveCfg = Release|Any CPU
		{F9AFF72C-38BC-4E82-A69B-9F7CC5E947FC}.Release|x64.Build.0 = Release|Any CPU
		{F9AFF72C-38BC-4E82-A69B-9F7CC5E947FC}.Release|x86.ActiveCfg = Release|Any CPU
		{F9AFF72C-38BC-4E82-A69B-9F7CC5E947FC}.Release|x86.Build.0 = Release|Any CPU
	EndGlobalSection
	GlobalSection(SolutionProperties) = preSolution
		HideSolutionNode = FALSE
	EndGlobalSection
EndGlobal
