
Microsoft Visual Studio Solution File, Format Version 12.00
# Visual Studio Version 17
VisualStudioVersion = 17.0.31903.59
MinimumVisualStudioVersion = 10.0.40219.1
Project("{FAE04EC0-301F-11D3-BF4B-00C04F79EFBC}") = "Jx3.Common", "Jx3.Common\Jx3.Common.csproj", "{B34DDC91-259A-4B0B-B17B-A9D60238DDF7}"
EndProject
Project("{FAE04EC0-301F-11D3-BF4B-00C04F79EFBC}") = "Jx3.Gateway", "Jx3.Gateway\Jx3.Gateway.csproj", "{A3889F38-6FEE-4FDD-BD68-DFBCE1840E28}"
EndProject
Project("{FAE04EC0-301F-11D3-BF4B-00C04F79EFBC}") = "Jx3.Login", "Jx3.Login\Jx3.Login.csproj", "{3CF85791-3D7F-4B82-A4CB-3E1607B6685E}"
EndProject
Project("{FAE04EC0-301F-11D3-BF4B-00C04F79EFBC}") = "Jx3.Hero", "Jx3.Hero\Jx3.Hero.csproj", "{764AD803-6D5B-48CC-8048-846A62486DB4}"
EndProject
Project("{FAE04EC0-301F-11D3-BF4B-00C04F79EFBC}") = "Jx3.Dungeon", "Jx3.Dungeon\Jx3.Dungeon.csproj", "{60CF0AE0-22A6-40F8-A0C4-F6EEFDE4285E}"
EndProject
Project("{FAE04EC0-301F-11D3-BF4B-00C04F79EFBC}") = "Jx3.Trade", "Jx3.Trade\Jx3.Trade.csproj", "{A0E658EA-737A-4390-97D3-EE8A4DB97702}"
EndProject
Project("{FAE04EC0-301F-11D3-BF4B-00C04F79EFBC}") = "Jx3.Chat", "Jx3.Chat\Jx3.Chat.csproj", "{C2218F31-2EFE-4A82-AD79-1B2C77219057}"
EndProject
Project("{FAE04EC0-301F-11D3-BF4B-00C04F79EFBC}") = "Jx3.Battle", "Jx3.Battle\Jx3.Battle.csproj", "{4B883080-287C-458F-833A-15DE93751E77}"
EndProject
Project("{FAE04EC0-301F-11D3-BF4B-00C04F79EFBC}") = "Jx3.Social", "Jx3.Social\Jx3.Social.csproj", "{7A369337-0477-4778-A7FC-ADFE3AA19020}"
EndProject
Project("{FAE04EC0-301F-11D3-BF4B-00C04F79EFBC}") = "Jx3.Admin", "Jx3.Admin\Jx3.Admin.csproj", "{143867B6-C82D-4774-9DD4-87D4C31EAB4A}"
EndProject
Project("{FAE04EC0-301F-11D3-BF4B-00C04F79EFBC}") = "Jx3.Shop", "Jx3.Shop\Jx3.Shop.csproj", "{49D6F799-14A9-436A-816F-5A3697AAE88E}"
EndProject
Project("{FAE04EC0-301F-11D3-BF4B-00C04F79EFBC}") = "Jx3.PVP", "Jx3.PVP\Jx3.PVP.csproj", "{00B83189-28E6-401D-88E9-3397A053B269}"
EndProject
Project("{FAE04EC0-301F-11D3-BF4B-00C04F79EFBC}") = "Jx3.Quest", "Jx3.Quest\Jx3.Quest.csproj", "{6C3047A3-007F-406E-A541-C52C086AFF16}"
EndProject
Global
	GlobalSection(SolutionConfigurationPlatforms) = preSolution
		Debug|Any CPU = Debug|Any CPU
		Debug|x64 = Debug|x64
		Debug|x86 = Debug|x86
		Release|Any CPU = Release|Any CPU
		Release|x64 = Release|x64
		Release|x86 = Release|x86
	EndGlobalSection
	GlobalSection(ProjectConfigurationPlatforms) = postSolution
		{B34DDC91-259A-4B0B-B17B-A9D60238DDF7}.Debug|Any CPU.ActiveCfg = Debug|Any CPU
		{B34DDC91-259A-4B0B-B17B-A9D60238DDF7}.Debug|Any CPU.Build.0 = Debug|Any CPU
		{B34DDC91-259A-4B0B-B17B-A9D60238DDF7}.Debug|x64.ActiveCfg = Debug|Any CPU
		{B34DDC91-259A-4B0B-B17B-A9D60238DDF7}.Debug|x64.Build.0 = Debug|Any CPU
		{B34DDC91-259A-4B0B-B17B-A9D60238DDF7}.Debug|x86.ActiveCfg = Debug|Any CPU
		{B34DDC91-259A-4B0B-B17B-A9D60238DDF7}.Debug|x86.Build.0 = Debug|Any CPU
		{B34DDC91-259A-4B0B-B17B-A9D60238DDF7}.Release|Any CPU.ActiveCfg = Release|Any CPU
		{B34DDC91-259A-4B0B-B17B-A9D60238DDF7}.Release|Any CPU.Build.0 = Release|Any CPU
		{B34DDC91-259A-4B0B-B17B-A9D60238DDF7}.Release|x64.ActiveCfg = Release|Any CPU
		{B34DDC91-259A-4B0B-B17B-A9D60238DDF7}.Release|x64.Build.0 = Release|Any CPU
		{B34DDC91-259A-4B0B-B17B-A9D60238DDF7}.Release|x86.ActiveCfg = Release|Any CPU
		{B34DDC91-259A-4B0B-B17B-A9D60238DDF7}.Release|x86.Build.0 = Release|Any CPU
		{A3889F38-6FEE-4FDD-BD68-DFBCE1840E28}.Debug|Any CPU.ActiveCfg = Debug|Any CPU
		{A3889F38-6FEE-4FDD-BD68-DFBCE1840E28}.Debug|Any CPU.Build.0 = Debug|Any CPU
		{A3889F38-6FEE-4FDD-BD68-DFBCE1840E28}.Debug|x64.ActiveCfg = Debug|Any CPU
		{A3889F38-6FEE-4FDD-BD68-DFBCE1840E28}.Debug|x64.Build.0 = Debug|Any CPU
		{A3889F38-6FEE-4FDD-BD68-DFBCE1840E28}.Debug|x86.ActiveCfg = Debug|Any CPU
		{A3889F38-6FEE-4FDD-BD68-DFBCE1840E28}.Debug|x86.Build.0 = Debug|Any CPU
		{A3889F38-6FEE-4FDD-BD68-DFBCE1840E28}.Release|Any CPU.ActiveCfg = Release|Any CPU
		{A3889F38-6FEE-4FDD-BD68-DFBCE1840E28}.Release|Any CPU.Build.0 = Release|Any CPU
		{A3889F38-6FEE-4FDD-BD68-DFBCE1840E28}.Release|x64.ActiveCfg = Release|Any CPU
		{A3889F38-6FEE-4FDD-BD68-DFBCE1840E28}.Release|x64.Build.0 = Release|Any CPU
		{A3889F38-6FEE-4FDD-BD68-DFBCE1840E28}.Release|x86.ActiveCfg = Release|Any CPU
		{A3889F38-6FEE-4FDD-BD68-DFBCE1840E28}.Release|x86.Build.0 = Release|Any CPU
		{3CF85791-3D7F-4B82-A4CB-3E1607B6685E}.Debug|Any CPU.ActiveCfg = Debug|Any CPU
		{3CF85791-3D7F-4B82-A4CB-3E1607B6685E}.Debug|Any CPU.Build.0 = Debug|Any CPU
		{3CF85791-3D7F-4B82-A4CB-3E1607B6685E}.Debug|x64.ActiveCfg = Debug|Any CPU
		{3CF85791-3D7F-4B82-A4CB-3E1607B6685E}.Debug|x64.Build.0 = Debug|Any CPU
		{3CF85791-3D7F-4B82-A4CB-3E1607B6685E}.Debug|x86.ActiveCfg = Debug|Any CPU
		{3CF85791-3D7F-4B82-A4CB-3E1607B6685E}.Debug|x86.Build.0 = Debug|Any CPU
		{3CF85791-3D7F-4B82-A4CB-3E1607B6685E}.Release|Any CPU.ActiveCfg = Release|Any CPU
		{3CF85791-3D7F-4B82-A4CB-3E1607B6685E}.Release|Any CPU.Build.0 = Release|Any CPU
		{3CF85791-3D7F-4B82-A4CB-3E1607B6685E}.Release|x64.ActiveCfg = Release|Any CPU
		{3CF85791-3D7F-4B82-A4CB-3E1607B6685E}.Release|x64.Build.0 = Release|Any CPU
		{3CF85791-3D7F-4B82-A4CB-3E1607B6685E}.Release|x86.ActiveCfg = Release|Any CPU
		{3CF85791-3D7F-4B82-A4CB-3E1607B6685E}.Release|x86.Build.0 = Release|Any CPU
		{764AD803-6D5B-48CC-8048-846A62486DB4}.Debug|Any CPU.ActiveCfg = Debug|Any CPU
		{764AD803-6D5B-48CC-8048-846A62486DB4}.Debug|Any CPU.Build.0 = Debug|Any CPU
		{764AD803-6D5B-48CC-8048-846A62486DB4}.Debug|x64.ActiveCfg = Debug|Any CPU
		{764AD803-6D5B-48CC-8048-846A62486DB4}.Debug|x64.Build.0 = Debug|Any CPU
		{764AD803-6D5B-48CC-8048-846A62486DB4}.Debug|x86.ActiveCfg = Debug|Any CPU
		{764AD803-6D5B-48CC-8048-846A62486DB4}.Debug|x86.Build.0 = Debug|Any CPU
		{764AD803-6D5B-48CC-8048-846A62486DB4}.Release|Any CPU.ActiveCfg = Release|Any CPU
		{764AD803-6D5B-48CC-8048-846A62486DB4}.Release|Any CPU.Build.0 = Release|Any CPU
		{764AD803-6D5B-48CC-8048-846A62486DB4}.Release|x64.ActiveCfg = Release|Any CPU
		{764AD803-6D5B-48CC-8048-846A62486DB4}.Release|x64.Build.0 = Release|Any CPU
		{764AD803-6D5B-48CC-8048-846A62486DB4}.Release|x86.ActiveCfg = Release|Any CPU
		{764AD803-6D5B-48CC-8048-846A62486DB4}.Release|x86.Build.0 = Release|Any CPU
		{60CF0AE0-22A6-40F8-A0C4-F6EEFDE4285E}.Debug|Any CPU.ActiveCfg = Debug|Any CPU
		{60CF0AE0-22A6-40F8-A0C4-F6EEFDE4285E}.Debug|Any CPU.Build.0 = Debug|Any CPU
		{60CF0AE0-22A6-40F8-A0C4-F6EEFDE4285E}.Debug|x64.ActiveCfg = Debug|Any CPU
		{60CF0AE0-22A6-40F8-A0C4-F6EEFDE4285E}.Debug|x64.Build.0 = Debug|Any CPU
		{60CF0AE0-22A6-40F8-A0C4-F6EEFDE4285E}.Debug|x86.ActiveCfg = Debug|Any CPU
		{60CF0AE0-22A6-40F8-A0C4-F6EEFDE4285E}.Debug|x86.Build.0 = Debug|Any CPU
		{60CF0AE0-22A6-40F8-A0C4-F6EEFDE4285E}.Release|Any CPU.ActiveCfg = Release|Any CPU
		{60CF0AE0-22A6-40F8-A0C4-F6EEFDE4285E}.Release|Any CPU.Build.0 = Release|Any CPU
		{60CF0AE0-22A6-40F8-A0C4-F6EEFDE4285E}.Release|x64.ActiveCfg = Release|Any CPU
		{60CF0AE0-22A6-40F8-A0C4-F6EEFDE4285E}.Release|x64.Build.0 = Release|Any CPU
		{60CF0AE0-22A6-40F8-A0C4-F6EEFDE4285E}.Release|x86.ActiveCfg = Release|Any CPU
		{60CF0AE0-22A6-40F8-A0C4-F6EEFDE4285E}.Release|x86.Build.0 = Release|Any CPU
		{A0E658EA-737A-4390-97D3-EE8A4DB97702}.Debug|Any CPU.ActiveCfg = Debug|Any CPU
		{A0E658EA-737A-4390-97D3-EE8A4DB97702}.Debug|Any CPU.Build.0 = Debug|Any CPU
		{A0E658EA-737A-4390-97D3-EE8A4DB97702}.Debug|x64.ActiveCfg = Debug|Any CPU
		{A0E658EA-737A-4390-97D3-EE8A4DB97702}.Debug|x64.Build.0 = Debug|Any CPU
		{A0E658EA-737A-4390-97D3-EE8A4DB97702}.Debug|x86.ActiveCfg = Debug|Any CPU
		{A0E658EA-737A-4390-97D3-EE8A4DB97702}.Debug|x86.Build.0 = Debug|Any CPU
		{A0E658EA-737A-4390-97D3-EE8A4DB97702}.Release|Any CPU.ActiveCfg = Release|Any CPU
		{A0E658EA-737A-4390-97D3-EE8A4DB97702}.Release|Any CPU.Build.0 = Release|Any CPU
		{A0E658EA-737A-4390-97D3-EE8A4DB97702}.Release|x64.ActiveCfg = Release|Any CPU
		{A0E658EA-737A-4390-97D3-EE8A4DB97702}.Release|x64.Build.0 = Release|Any CPU
		{A0E658EA-737A-4390-97D3-EE8A4DB97702}.Release|x86.ActiveCfg = Release|Any CPU
		{A0E658EA-737A-4390-97D3-EE8A4DB97702}.Release|x86.Build.0 = Release|Any CPU
		{C2218F31-2EFE-4A82-AD79-1B2C77219057}.Debug|Any CPU.ActiveCfg = Debug|Any CPU
		{C2218F31-2EFE-4A82-AD79-1B2C77219057}.Debug|Any CPU.Build.0 = Debug|Any CPU
		{C2218F31-2EFE-4A82-AD79-1B2C77219057}.Debug|x64.ActiveCfg = Debug|Any CPU
		{C2218F31-2EFE-4A82-AD79-1B2C77219057}.Debug|x64.Build.0 = Debug|Any CPU
		{C2218F31-2EFE-4A82-AD79-1B2C77219057}.Debug|x86.ActiveCfg = Debug|Any CPU
		{C2218F31-2EFE-4A82-AD79-1B2C77219057}.Debug|x86.Build.0 = Debug|Any CPU
		{C2218F31-2EFE-4A82-AD79-1B2C77219057}.Release|Any CPU.ActiveCfg = Release|Any CPU
		{C2218F31-2EFE-4A82-AD79-1B2C77219057}.Release|Any CPU.Build.0 = Release|Any CPU
		{C2218F31-2EFE-4A82-AD79-1B2C77219057}.Release|x64.ActiveCfg = Release|Any CPU
		{C2218F31-2EFE-4A82-AD79-1B2C77219057}.Release|x64.Build.0 = Release|Any CPU
		{C2218F31-2EFE-4A82-AD79-1B2C77219057}.Release|x86.ActiveCfg = Release|Any CPU
		{C2218F31-2EFE-4A82-AD79-1B2C77219057}.Release|x86.Build.0 = Release|Any CPU
		{4B883080-287C-458F-833A-15DE93751E77}.Debug|Any CPU.ActiveCfg = Debug|Any CPU
		{4B883080-287C-458F-833A-15DE93751E77}.Debug|Any CPU.Build.0 = Debug|Any CPU
		{4B883080-287C-458F-833A-15DE93751E77}.Debug|x64.ActiveCfg = Debug|Any CPU
		{4B883080-287C-458F-833A-15DE93751E77}.Debug|x64.Build.0 = Debug|Any CPU
		{4B883080-287C-458F-833A-15DE93751E77}.Debug|x86.ActiveCfg = Debug|Any CPU
		{4B883080-287C-458F-833A-15DE93751E77}.Debug|x86.Build.0 = Debug|Any CPU
		{4B883080-287C-458F-833A-15DE93751E77}.Release|Any CPU.ActiveCfg = Release|Any CPU
		{4B883080-287C-458F-833A-15DE93751E77}.Release|Any CPU.Build.0 = Release|Any CPU
		{4B883080-287C-458F-833A-15DE93751E77}.Release|x64.ActiveCfg = Release|Any CPU
		{4B883080-287C-458F-833A-15DE93751E77}.Release|x64.Build.0 = Release|Any CPU
		{4B883080-287C-458F-833A-15DE93751E77}.Release|x86.ActiveCfg = Release|Any CPU
		{4B883080-287C-458F-833A-15DE93751E77}.Release|x86.Build.0 = Release|Any CPU
		{7A369337-0477-4778-A7FC-ADFE3AA19020}.Debug|Any CPU.ActiveCfg = Debug|Any CPU
		{7A369337-0477-4778-A7FC-ADFE3AA19020}.Debug|Any CPU.Build.0 = Debug|Any CPU
		{7A369337-0477-4778-A7FC-ADFE3AA19020}.Debug|x64.ActiveCfg = Debug|Any CPU
		{7A369337-0477-4778-A7FC-ADFE3AA19020}.Debug|x64.Build.0 = Debug|Any CPU
		{7A369337-0477-4778-A7FC-ADFE3AA19020}.Debug|x86.ActiveCfg = Debug|Any CPU
		{7A369337-0477-4778-A7FC-ADFE3AA19020}.Debug|x86.Build.0 = Debug|Any CPU
		{7A369337-0477-4778-A7FC-ADFE3AA19020}.Release|Any CPU.ActiveCfg = Release|Any CPU
		{7A369337-0477-4778-A7FC-ADFE3AA19020}.Release|Any CPU.Build.0 = Release|Any CPU
		{7A369337-0477-4778-A7FC-ADFE3AA19020}.Release|x64.ActiveCfg = Release|Any CPU
		{7A369337-0477-4778-A7FC-ADFE3AA19020}.Release|x64.Build.0 = Release|Any CPU
		{7A369337-0477-4778-A7FC-ADFE3AA19020}.Release|x86.ActiveCfg = Release|Any CPU
		{7A369337-0477-4778-A7FC-ADFE3AA19020}.Release|x86.Build.0 = Release|Any CPU
		{143867B6-C82D-4774-9DD4-87D4C31EAB4A}.Debug|Any CPU.ActiveCfg = Debug|Any CPU
		{143867B6-C82D-4774-9DD4-87D4C31EAB4A}.Debug|Any CPU.Build.0 = Debug|Any CPU
		{143867B6-C82D-4774-9DD4-87D4C31EAB4A}.Debug|x64.ActiveCfg = Debug|Any CPU
		{143867B6-C82D-4774-9DD4-87D4C31EAB4A}.Debug|x64.Build.0 = Debug|Any CPU
		{143867B6-C82D-4774-9DD4-87D4C31EAB4A}.Debug|x86.ActiveCfg = Debug|Any CPU
		{143867B6-C82D-4774-9DD4-87D4C31EAB4A}.Debug|x86.Build.0 = Debug|Any CPU
		{143867B6-C82D-4774-9DD4-87D4C31EAB4A}.Release|Any CPU.ActiveCfg = Release|Any CPU
		{143867B6-C82D-4774-9DD4-87D4C31EAB4A}.Release|Any CPU.Build.0 = Release|Any CPU
		{143867B6-C82D-4774-9DD4-87D4C31EAB4A}.Release|x64.ActiveCfg = Release|Any CPU
		{143867B6-C82D-4774-9DD4-87D4C31EAB4A}.Release|x64.Build.0 = Release|Any CPU
		{143867B6-C82D-4774-9DD4-87D4C31EAB4A}.Release|x86.ActiveCfg = Release|Any CPU
		{143867B6-C82D-4774-9DD4-87D4C31EAB4A}.Release|x86.Build.0 = Release|Any CPU
		{49D6F799-14A9-436A-816F-5A3697AAE88E}.Debug|Any CPU.ActiveCfg = Debug|Any CPU
		{49D6F799-14A9-436A-816F-5A3697AAE88E}.Debug|Any CPU.Build.0 = Debug|Any CPU
		{49D6F799-14A9-436A-816F-5A3697AAE88E}.Debug|x64.ActiveCfg = Debug|Any CPU
		{49D6F799-14A9-436A-816F-5A3697AAE88E}.Debug|x64.Build.0 = Debug|Any CPU
		{49D6F799-14A9-436A-816F-5A3697AAE88E}.Debug|x86.ActiveCfg = Debug|Any CPU
		{49D6F799-14A9-436A-816F-5A3697AAE88E}.Debug|x86.Build.0 = Debug|Any CPU
		{49D6F799-14A9-436A-816F-5A3697AAE88E}.Release|Any CPU.ActiveCfg = Release|Any CPU
		{49D6F799-14A9-436A-816F-5A3697AAE88E}.Release|Any CPU.Build.0 = Release|Any CPU
		{49D6F799-14A9-436A-816F-5A3697AAE88E}.Release|x64.ActiveCfg = Release|Any CPU
		{49D6F799-14A9-436A-816F-5A3697AAE88E}.Release|x64.Build.0 = Release|Any CPU
		{49D6F799-14A9-436A-816F-5A3697AAE88E}.Release|x86.ActiveCfg = Release|Any CPU
		{49D6F799-14A9-436A-816F-5A3697AAE88E}.Release|x86.Build.0 = Release|Any CPU
		{00B83189-28E6-401D-88E9-3397A053B269}.Debug|Any CPU.ActiveCfg = Debug|Any CPU
		{00B83189-28E6-401D-88E9-3397A053B269}.Debug|Any CPU.Build.0 = Debug|Any CPU
		{00B83189-28E6-401D-88E9-3397A053B269}.Debug|x64.ActiveCfg = Debug|Any CPU
		{00B83189-28E6-401D-88E9-3397A053B269}.Debug|x64.Build.0 = Debug|Any CPU
		{00B83189-28E6-401D-88E9-3397A053B269}.Debug|x86.ActiveCfg = Debug|Any CPU
		{00B83189-28E6-401D-88E9-3397A053B269}.Debug|x86.Build.0 = Debug|Any CPU
		{00B83189-28E6-401D-88E9-3397A053B269}.Release|Any CPU.ActiveCfg = Release|Any CPU
		{00B83189-28E6-401D-88E9-3397A053B269}.Release|Any CPU.Build.0 = Release|Any CPU
		{00B83189-28E6-401D-88E9-3397A053B269}.Release|x64.ActiveCfg = Release|Any CPU
		{00B83189-28E6-401D-88E9-3397A053B269}.Release|x64.Build.0 = Release|Any CPU
		{00B83189-28E6-401D-88E9-3397A053B269}.Release|x86.ActiveCfg = Release|Any CPU
		{00B83189-28E6-401D-88E9-3397A053B269}.Release|x86.Build.0 = Release|Any CPU
		{6C3047A3-007F-406E-A541-C52C086AFF16}.Debug|Any CPU.ActiveCfg = Debug|Any CPU
		{6C3047A3-007F-406E-A541-C52C086AFF16}.Debug|Any CPU.Build.0 = Debug|Any CPU
		{6C3047A3-007F-406E-A541-C52C086AFF16}.Debug|x64.ActiveCfg = Debug|Any CPU
		{6C3047A3-007F-406E-A541-C52C086AFF16}.Debug|x64.Build.0 = Debug|Any CPU
		{6C3047A3-007F-406E-A541-C52C086AFF16}.Debug|x86.ActiveCfg = Debug|Any CPU
		{6C3047A3-007F-406E-A541-C52C086AFF16}.Debug|x86.Build.0 = Debug|Any CPU
		{6C3047A3-007F-406E-A541-C52C086AFF16}.Release|Any CPU.ActiveCfg = Release|Any CPU
		{6C3047A3-007F-406E-A541-C52C086AFF16}.Release|Any CPU.Build.0 = Release|Any CPU
		{6C3047A3-007F-406E-A541-C52C086AFF16}.Release|x64.ActiveCfg = Release|Any CPU
		{6C3047A3-007F-406E-A541-C52C086AFF16}.Release|x64.Build.0 = Release|Any CPU
		{6C3047A3-007F-406E-A541-C52C086AFF16}.Release|x86.ActiveCfg = Release|Any CPU
		{6C3047A3-007F-406E-A541-C52C086AFF16}.Release|x86.Build.0 = Release|Any CPU
	EndGlobalSection
	GlobalSection(SolutionProperties) = preSolution
		HideSolutionNode = FALSE
	EndGlobalSection
EndGlobal
