
Microsoft Visual Studio Solution File, Format Version 12.00
# Visual Studio Version 17
VisualStudioVersion = 17.0.31903.59
MinimumVisualStudioVersion = 10.0.40219.1
Project("{FAE04EC0-301F-11D3-BF4B-00C04F79EFBC}") = "Jx3.Admin", "Jx3.Admin\Jx3.Admin.csproj", "{DDA30182-2FF1-4D50-B88F-2E062199CAC7}"
EndProject
Project("{FAE04EC0-301F-11D3-BF4B-00C04F79EFBC}") = "Jx3.AdminWeb", "Jx3.AdminWeb\Jx3.AdminWeb.csproj", "{E56A5AC5-57DC-4A61-8323-39353AA86DA7}"
EndProject
Project("{FAE04EC0-301F-11D3-BF4B-00C04F79EFBC}") = "Jx3.Battle", "Jx3.Battle\Jx3.Battle.csproj", "{2ABB576C-DB86-4EAC-93D9-C9F11945C510}"
EndProject
Project("{FAE04EC0-301F-11D3-BF4B-00C04F79EFBC}") = "Jx3.Chat", "Jx3.Chat\Jx3.Chat.csproj", "{3A7DB835-BF2C-43C3-A813-828E29542920}"
EndProject
Project("{FAE04EC0-301F-11D3-BF4B-00C04F79EFBC}") = "Jx3.Common", "Jx3.Common\Jx3.Common.csproj", "{8ACBFE46-B393-4AAB-B365-6CDA9467B8CB}"
EndProject
Project("{FAE04EC0-301F-11D3-BF4B-00C04F79EFBC}") = "Jx3.Dungeon", "Jx3.Dungeon\Jx3.Dungeon.csproj", "{2962E7C1-0ACC-456A-9E4D-7791F82414BB}"
EndProject
Project("{FAE04EC0-301F-11D3-BF4B-00C04F79EFBC}") = "Jx3.Gateway", "Jx3.Gateway\Jx3.Gateway.csproj", "{53C5FA30-41C1-4557-BFB5-BCA45B8BD69B}"
EndProject
Project("{FAE04EC0-301F-11D3-BF4B-00C04F79EFBC}") = "Jx3.Hero", "Jx3.Hero\Jx3.Hero.csproj", "{2144A40B-213C-45A4-BB72-A9B050D7C9B6}"
EndProject
Project("{FAE04EC0-301F-11D3-BF4B-00C04F79EFBC}") = "Jx3.Launcher", "Jx3.Launcher\Jx3.Launcher.csproj", "{7A86CD5B-ACDA-4DD4-BA05-BEFCBE8C2C78}"
EndProject
Project("{FAE04EC0-301F-11D3-BF4B-00C04F79EFBC}") = "Jx3.Login", "Jx3.Login\Jx3.Login.csproj", "{DC3DA01D-116D-44BF-B519-DBADD5BC3EFD}"
EndProject
Project("{FAE04EC0-301F-11D3-BF4B-00C04F79EFBC}") = "Jx3.MockServer", "Jx3.MockServer\Jx3.MockServer.csproj", "{621B4A0E-9996-464F-BFCE-5156C72D470C}"
EndProject
Project("{FAE04EC0-301F-11D3-BF4B-00C04F79EFBC}") = "Jx3.PVP", "Jx3.PVP\Jx3.PVP.csproj", "{5EA50BE5-3E53-42AD-B0D3-47366A400799}"
EndProject
Project("{FAE04EC0-301F-11D3-BF4B-00C04F79EFBC}") = "Jx3.Quest", "Jx3.Quest\Jx3.Quest.csproj", "{ED7D4E70-B547-47D9-9F44-8FBCE06441B0}"
EndProject
Project("{FAE04EC0-301F-11D3-BF4B-00C04F79EFBC}") = "Jx3.Shop", "Jx3.Shop\Jx3.Shop.csproj", "{07AD29B8-B8AE-4AE9-AF34-7CA2F49935B9}"
EndProject
Project("{FAE04EC0-301F-11D3-BF4B-00C04F79EFBC}") = "Jx3.Social", "Jx3.Social\Jx3.Social.csproj", "{1C776D22-CFB5-4BEB-97E6-4A8751333FC8}"
EndProject
Project("{FAE04EC0-301F-11D3-BF4B-00C04F79EFBC}") = "Jx3.Tests", "Jx3.Tests\Jx3.Tests.csproj", "{D40391C1-0943-4AE1-A1CA-5D26DC409CE2}"
EndProject
Project("{FAE04EC0-301F-11D3-BF4B-00C04F79EFBC}") = "Jx3.Trade", "Jx3.Trade\Jx3.Trade.csproj", "{2C5DABDF-3E2C-4A7F-8025-B9B5BD93F0B4}"
EndProject
Project("{FAE04EC0-301F-11D3-BF4B-00C04F79EFBC}") = "Jx3.Voice", "Jx3.Voice\Jx3.Voice.csproj", "{4AA57AEC-1EB4-40A8-B71B-7F139C67D14C}"
EndProject
Global
	GlobalSection(SolutionConfigurationPlatforms) = preSolution
		Debug|Any CPU = Debug|Any CPU
		Debug|x64 = Debug|x64
		Debug|x86 = Debug|x86
		Release|Any CPU = Release|Any CPU
		Release|x64 = Release|x64
		Release|x86 = Release|x86
	EndGlobalSection
	GlobalSection(ProjectConfigurationPlatforms) = postSolution
		{DDA30182-2FF1-4D50-B88F-2E062199CAC7}.Debug|Any CPU.ActiveCfg = Debug|Any CPU
		{DDA30182-2FF1-4D50-B88F-2E062199CAC7}.Debug|Any CPU.Build.0 = Debug|Any CPU
		{DDA30182-2FF1-4D50-B88F-2E062199CAC7}.Debug|x64.ActiveCfg = Debug|Any CPU
		{DDA30182-2FF1-4D50-B88F-2E062199CAC7}.Debug|x64.Build.0 = Debug|Any CPU
		{DDA30182-2FF1-4D50-B88F-2E062199CAC7}.Debug|x86.ActiveCfg = Debug|Any CPU
		{DDA30182-2FF1-4D50-B88F-2E062199CAC7}.Debug|x86.Build.0 = Debug|Any CPU
		{DDA30182-2FF1-4D50-B88F-2E062199CAC7}.Release|Any CPU.ActiveCfg = Release|Any CPU
		{DDA30182-2FF1-4D50-B88F-2E062199CAC7}.Release|Any CPU.Build.0 = Release|Any CPU
		{DDA30182-2FF1-4D50-B88F-2E062199CAC7}.Release|x64.ActiveCfg = Release|Any CPU
		{DDA30182-2FF1-4D50-B88F-2E062199CAC7}.Release|x64.Build.0 = Release|Any CPU
		{DDA30182-2FF1-4D50-B88F-2E062199CAC7}.Release|x86.ActiveCfg = Release|Any CPU
		{DDA30182-2FF1-4D50-B88F-2E062199CAC7}.Release|x86.Build.0 = Release|Any CPU
		{E56A5AC5-57DC-4A61-8323-39353AA86DA7}.Debug|Any CPU.ActiveCfg = Debug|Any CPU
		{E56A5AC5-57DC-4A61-8323-39353AA86DA7}.Debug|Any CPU.Build.0 = Debug|Any CPU
		{E56A5AC5-57DC-4A61-8323-39353AA86DA7}.Debug|x64.ActiveCfg = Debug|Any CPU
		{E56A5AC5-57DC-4A61-8323-39353AA86DA7}.Debug|x64.Build.0 = Debug|Any CPU
		{E56A5AC5-57DC-4A61-8323-39353AA86DA7}.Debug|x86.ActiveCfg = Debug|Any CPU
		{E56A5AC5-57DC-4A61-8323-39353AA86DA7}.Debug|x86.Build.0 = Debug|Any CPU
		{E56A5AC5-57DC-4A61-8323-39353AA86DA7}.Release|Any CPU.ActiveCfg = Release|Any CPU
		{E56A5AC5-57DC-4A61-8323-39353AA86DA7}.Release|Any CPU.Build.0 = Release|Any CPU
		{E56A5AC5-57DC-4A61-8323-39353AA86DA7}.Release|x64.ActiveCfg = Release|Any CPU
		{E56A5AC5-57DC-4A61-8323-39353AA86DA7}.Release|x64.Build.0 = Release|Any CPU
		{E56A5AC5-57DC-4A61-8323-39353AA86DA7}.Release|x86.ActiveCfg = Release|Any CPU
		{E56A5AC5-57DC-4A61-8323-39353AA86DA7}.Release|x86.Build.0 = Release|Any CPU
		{2ABB576C-DB86-4EAC-93D9-C9F11945C510}.Debug|Any CPU.ActiveCfg = Debug|Any CPU
		{2ABB576C-DB86-4EAC-93D9-C9F11945C510}.Debug|Any CPU.Build.0 = Debug|Any CPU
		{2ABB576C-DB86-4EAC-93D9-C9F11945C510}.Debug|x64.ActiveCfg = Debug|Any CPU
		{2ABB576C-DB86-4EAC-93D9-C9F11945C510}.Debug|x64.Build.0 = Debug|Any CPU
		{2ABB576C-DB86-4EAC-93D9-C9F11945C510}.Debug|x86.ActiveCfg = Debug|Any CPU
		{2ABB576C-DB86-4EAC-93D9-C9F11945C510}.Debug|x86.Build.0 = Debug|Any CPU
		{2ABB576C-DB86-4EAC-93D9-C9F11945C510}.Release|Any CPU.ActiveCfg = Release|Any CPU
		{2ABB576C-DB86-4EAC-93D9-C9F11945C510}.Release|Any CPU.Build.0 = Release|Any CPU
		{2ABB576C-DB86-4EAC-93D9-C9F11945C510}.Release|x64.ActiveCfg = Release|Any CPU
		{2ABB576C-DB86-4EAC-93D9-C9F11945C510}.Release|x64.Build.0 = Release|Any CPU
		{2ABB576C-DB86-4EAC-93D9-C9F11945C510}.Release|x86.ActiveCfg = Release|Any CPU
		{2ABB576C-DB86-4EAC-93D9-C9F11945C510}.Release|x86.Build.0 = Release|Any CPU
		{3A7DB835-BF2C-43C3-A813-828E29542920}.Debug|Any CPU.ActiveCfg = Debug|Any CPU
		{3A7DB835-BF2C-43C3-A813-828E29542920}.Debug|Any CPU.Build.0 = Debug|Any CPU
		{3A7DB835-BF2C-43C3-A813-828E29542920}.Debug|x64.ActiveCfg = Debug|Any CPU
		{3A7DB835-BF2C-43C3-A813-828E29542920}.Debug|x64.Build.0 = Debug|Any CPU
		{3A7DB835-BF2C-43C3-A813-828E29542920}.Debug|x86.ActiveCfg = Debug|Any CPU
		{3A7DB835-BF2C-43C3-A813-828E29542920}.Debug|x86.Build.0 = Debug|Any CPU
		{3A7DB835-BF2C-43C3-A813-828E29542920}.Release|Any CPU.ActiveCfg = Release|Any CPU
		{3A7DB835-BF2C-43C3-A813-828E29542920}.Release|Any CPU.Build.0 = Release|Any CPU
		{3A7DB835-BF2C-43C3-A813-828E29542920}.Release|x64.ActiveCfg = Release|Any CPU
		{3A7DB835-BF2C-43C3-A813-828E29542920}.Release|x64.Build.0 = Release|Any CPU
		{3A7DB835-BF2C-43C3-A813-828E29542920}.Release|x86.ActiveCfg = Release|Any CPU
		{3A7DB835-BF2C-43C3-A813-828E29542920}.Release|x86.Build.0 = Release|Any CPU
		{8ACBFE46-B393-4AAB-B365-6CDA9467B8CB}.Debug|Any CPU.ActiveCfg = Debug|Any CPU
		{8ACBFE46-B393-4AAB-B365-6CDA9467B8CB}.Debug|Any CPU.Build.0 = Debug|Any CPU
		{8ACBFE46-B393-4AAB-B365-6CDA9467B8CB}.Debug|x64.ActiveCfg = Debug|Any CPU
		{8ACBFE46-B393-4AAB-B365-6CDA9467B8CB}.Debug|x64.Build.0 = Debug|Any CPU
		{8ACBFE46-B393-4AAB-B365-6CDA9467B8CB}.Debug|x86.ActiveCfg = Debug|Any CPU
		{8ACBFE46-B393-4AAB-B365-6CDA9467B8CB}.Debug|x86.Build.0 = Debug|Any CPU
		{8ACBFE46-B393-4AAB-B365-6CDA9467B8CB}.Release|Any CPU.ActiveCfg = Release|Any CPU
		{8ACBFE46-B393-4AAB-B365-6CDA9467B8CB}.Release|Any CPU.Build.0 = Release|Any CPU
		{8ACBFE46-B393-4AAB-B365-6CDA9467B8CB}.Release|x64.ActiveCfg = Release|Any CPU
		{8ACBFE46-B393-4AAB-B365-6CDA9467B8CB}.Release|x64.Build.0 = Release|Any CPU
		{8ACBFE46-B393-4AAB-B365-6CDA9467B8CB}.Release|x86.ActiveCfg = Release|Any CPU
		{8ACBFE46-B393-4AAB-B365-6CDA9467B8CB}.Release|x86.Build.0 = Release|Any CPU
		{2962E7C1-0ACC-456A-9E4D-7791F82414BB}.Debug|Any CPU.ActiveCfg = Debug|Any CPU
		{2962E7C1-0ACC-456A-9E4D-7791F82414BB}.Debug|Any CPU.Build.0 = Debug|Any CPU
		{2962E7C1-0ACC-456A-9E4D-7791F82414BB}.Debug|x64.ActiveCfg = Debug|Any CPU
		{2962E7C1-0ACC-456A-9E4D-7791F82414BB}.Debug|x64.Build.0 = Debug|Any CPU
		{2962E7C1-0ACC-456A-9E4D-7791F82414BB}.Debug|x86.ActiveCfg = Debug|Any CPU
		{2962E7C1-0ACC-456A-9E4D-7791F82414BB}.Debug|x86.Build.0 = Debug|Any CPU
		{2962E7C1-0ACC-456A-9E4D-7791F82414BB}.Release|Any CPU.ActiveCfg = Release|Any CPU
		{2962E7C1-0ACC-456A-9E4D-7791F82414BB}.Release|Any CPU.Build.0 = Release|Any CPU
		{2962E7C1-0ACC-456A-9E4D-7791F82414BB}.Release|x64.ActiveCfg = Release|Any CPU
		{2962E7C1-0ACC-456A-9E4D-7791F82414BB}.Release|x64.Build.0 = Release|Any CPU
		{2962E7C1-0ACC-456A-9E4D-7791F82414BB}.Release|x86.ActiveCfg = Release|Any CPU
		{2962E7C1-0ACC-456A-9E4D-7791F82414BB}.Release|x86.Build.0 = Release|Any CPU
		{53C5FA30-41C1-4557-BFB5-BCA45B8BD69B}.Debug|Any CPU.ActiveCfg = Debug|Any CPU
		{53C5FA30-41C1-4557-BFB5-BCA45B8BD69B}.Debug|Any CPU.Build.0 = Debug|Any CPU
		{53C5FA30-41C1-4557-BFB5-BCA45B8BD69B}.Debug|x64.ActiveCfg = Debug|Any CPU
		{53C5FA30-41C1-4557-BFB5-BCA45B8BD69B}.Debug|x64.Build.0 = Debug|Any CPU
		{53C5FA30-41C1-4557-BFB5-BCA45B8BD69B}.Debug|x86.ActiveCfg = Debug|Any CPU
		{53C5FA30-41C1-4557-BFB5-BCA45B8BD69B}.Debug|x86.Build.0 = Debug|Any CPU
		{53C5FA30-41C1-4557-BFB5-BCA45B8BD69B}.Release|Any CPU.ActiveCfg = Release|Any CPU
		{53C5FA30-41C1-4557-BFB5-BCA45B8BD69B}.Release|Any CPU.Build.0 = Release|Any CPU
		{53C5FA30-41C1-4557-BFB5-BCA45B8BD69B}.Release|x64.ActiveCfg = Release|Any CPU
		{53C5FA30-41C1-4557-BFB5-BCA45B8BD69B}.Release|x64.Build.0 = Release|Any CPU
		{53C5FA30-41C1-4557-BFB5-BCA45B8BD69B}.Release|x86.ActiveCfg = Release|Any CPU
		{53C5FA30-41C1-4557-BFB5-BCA45B8BD69B}.Release|x86.Build.0 = Release|Any CPU
		{2144A40B-213C-45A4-BB72-A9B050D7C9B6}.Debug|Any CPU.ActiveCfg = Debug|Any CPU
		{2144A40B-213C-45A4-BB72-A9B050D7C9B6}.Debug|Any CPU.Build.0 = Debug|Any CPU
		{2144A40B-213C-45A4-BB72-A9B050D7C9B6}.Debug|x64.ActiveCfg = Debug|Any CPU
		{2144A40B-213C-45A4-BB72-A9B050D7C9B6}.Debug|x64.Build.0 = Debug|Any CPU
		{2144A40B-213C-45A4-BB72-A9B050D7C9B6}.Debug|x86.ActiveCfg = Debug|Any CPU
		{2144A40B-213C-45A4-BB72-A9B050D7C9B6}.Debug|x86.Build.0 = Debug|Any CPU
		{2144A40B-213C-45A4-BB72-A9B050D7C9B6}.Release|Any CPU.ActiveCfg = Release|Any CPU
		{2144A40B-213C-45A4-BB72-A9B050D7C9B6}.Release|Any CPU.Build.0 = Release|Any CPU
		{2144A40B-213C-45A4-BB72-A9B050D7C9B6}.Release|x64.ActiveCfg = Release|Any CPU
		{2144A40B-213C-45A4-BB72-A9B050D7C9B6}.Release|x64.Build.0 = Release|Any CPU
		{2144A40B-213C-45A4-BB72-A9B050D7C9B6}.Release|x86.ActiveCfg = Release|Any CPU
		{2144A40B-213C-45A4-BB72-A9B050D7C9B6}.Release|x86.Build.0 = Release|Any CPU
		{7A86CD5B-ACDA-4DD4-BA05-BEFCBE8C2C78}.Debug|Any CPU.ActiveCfg = Debug|Any CPU
		{7A86CD5B-ACDA-4DD4-BA05-BEFCBE8C2C78}.Debug|Any CPU.Build.0 = Debug|Any CPU
		{7A86CD5B-ACDA-4DD4-BA05-BEFCBE8C2C78}.Debug|x64.ActiveCfg = Debug|Any CPU
		{7A86CD5B-ACDA-4DD4-BA05-BEFCBE8C2C78}.Debug|x64.Build.0 = Debug|Any CPU
		{7A86CD5B-ACDA-4DD4-BA05-BEFCBE8C2C78}.Debug|x86.ActiveCfg = Debug|Any CPU
		{7A86CD5B-ACDA-4DD4-BA05-BEFCBE8C2C78}.Debug|x86.Build.0 = Debug|Any CPU
		{7A86CD5B-ACDA-4DD4-BA05-BEFCBE8C2C78}.Release|Any CPU.ActiveCfg = Release|Any CPU
		{7A86CD5B-ACDA-4DD4-BA05-BEFCBE8C2C78}.Release|Any CPU.Build.0 = Release|Any CPU
		{7A86CD5B-ACDA-4DD4-BA05-BEFCBE8C2C78}.Release|x64.ActiveCfg = Release|Any CPU
		{7A86CD5B-ACDA-4DD4-BA05-BEFCBE8C2C78}.Release|x64.Build.0 = Release|Any CPU
		{7A86CD5B-ACDA-4DD4-BA05-BEFCBE8C2C78}.Release|x86.ActiveCfg = Release|Any CPU
		{7A86CD5B-ACDA-4DD4-BA05-BEFCBE8C2C78}.Release|x86.Build.0 = Release|Any CPU
		{DC3DA01D-116D-44BF-B519-DBADD5BC3EFD}.Debug|Any CPU.ActiveCfg = Debug|Any CPU
		{DC3DA01D-116D-44BF-B519-DBADD5BC3EFD}.Debug|Any CPU.Build.0 = Debug|Any CPU
		{DC3DA01D-116D-44BF-B519-DBADD5BC3EFD}.Debug|x64.ActiveCfg = Debug|Any CPU
		{DC3DA01D-116D-44BF-B519-DBADD5BC3EFD}.Debug|x64.Build.0 = Debug|Any CPU
		{DC3DA01D-116D-44BF-B519-DBADD5BC3EFD}.Debug|x86.ActiveCfg = Debug|Any CPU
		{DC3DA01D-116D-44BF-B519-DBADD5BC3EFD}.Debug|x86.Build.0 = Debug|Any CPU
		{DC3DA01D-116D-44BF-B519-DBADD5BC3EFD}.Release|Any CPU.ActiveCfg = Release|Any CPU
		{DC3DA01D-116D-44BF-B519-DBADD5BC3EFD}.Release|Any CPU.Build.0 = Release|Any CPU
		{DC3DA01D-116D-44BF-B519-DBADD5BC3EFD}.Release|x64.ActiveCfg = Release|Any CPU
		{DC3DA01D-116D-44BF-B519-DBADD5BC3EFD}.Release|x64.Build.0 = Release|Any CPU
		{DC3DA01D-116D-44BF-B519-DBADD5BC3EFD}.Release|x86.ActiveCfg = Release|Any CPU
		{DC3DA01D-116D-44BF-B519-DBADD5BC3EFD}.Release|x86.Build.0 = Release|Any CPU
		{621B4A0E-9996-464F-BFCE-5156C72D470C}.Debug|Any CPU.ActiveCfg = Debug|Any CPU
		{621B4A0E-9996-464F-BFCE-5156C72D470C}.Debug|Any CPU.Build.0 = Debug|Any CPU
		{621B4A0E-9996-464F-BFCE-5156C72D470C}.Debug|x64.ActiveCfg = Debug|Any CPU
		{621B4A0E-9996-464F-BFCE-5156C72D470C}.Debug|x64.Build.0 = Debug|Any CPU
		{621B4A0E-9996-464F-BFCE-5156C72D470C}.Debug|x86.ActiveCfg = Debug|Any CPU
		{621B4A0E-9996-464F-BFCE-5156C72D470C}.Debug|x86.Build.0 = Debug|Any CPU
		{621B4A0E-9996-464F-BFCE-5156C72D470C}.Release|Any CPU.ActiveCfg = Release|Any CPU
		{621B4A0E-9996-464F-BFCE-5156C72D470C}.Release|Any CPU.Build.0 = Release|Any CPU
		{621B4A0E-9996-464F-BFCE-5156C72D470C}.Release|x64.ActiveCfg = Release|Any CPU
		{621B4A0E-9996-464F-BFCE-5156C72D470C}.Release|x64.Build.0 = Release|Any CPU
		{621B4A0E-9996-464F-BFCE-5156C72D470C}.Release|x86.ActiveCfg = Release|Any CPU
		{621B4A0E-9996-464F-BFCE-5156C72D470C}.Release|x86.Build.0 = Release|Any CPU
		{5EA50BE5-3E53-42AD-B0D3-47366A400799}.Debug|Any CPU.ActiveCfg = Debug|Any CPU
		{5EA50BE5-3E53-42AD-B0D3-47366A400799}.Debug|Any CPU.Build.0 = Debug|Any CPU
		{5EA50BE5-3E53-42AD-B0D3-47366A400799}.Debug|x64.ActiveCfg = Debug|Any CPU
		{5EA50BE5-3E53-42AD-B0D3-47366A400799}.Debug|x64.Build.0 = Debug|Any CPU
		{5EA50BE5-3E53-42AD-B0D3-47366A400799}.Debug|x86.ActiveCfg = Debug|Any CPU
		{5EA50BE5-3E53-42AD-B0D3-47366A400799}.Debug|x86.Build.0 = Debug|Any CPU
		{5EA50BE5-3E53-42AD-B0D3-47366A400799}.Release|Any CPU.ActiveCfg = Release|Any CPU
		{5EA50BE5-3E53-42AD-B0D3-47366A400799}.Release|Any CPU.Build.0 = Release|Any CPU
		{5EA50BE5-3E53-42AD-B0D3-47366A400799}.Release|x64.ActiveCfg = Release|Any CPU
		{5EA50BE5-3E53-42AD-B0D3-47366A400799}.Release|x64.Build.0 = Release|Any CPU
		{5EA50BE5-3E53-42AD-B0D3-47366A400799}.Release|x86.ActiveCfg = Release|Any CPU
		{5EA50BE5-3E53-42AD-B0D3-47366A400799}.Release|x86.Build.0 = Release|Any CPU
		{ED7D4E70-B547-47D9-9F44-8FBCE06441B0}.Debug|Any CPU.ActiveCfg = Debug|Any CPU
		{ED7D4E70-B547-47D9-9F44-8FBCE06441B0}.Debug|Any CPU.Build.0 = Debug|Any CPU
		{ED7D4E70-B547-47D9-9F44-8FBCE06441B0}.Debug|x64.ActiveCfg = Debug|Any CPU
		{ED7D4E70-B547-47D9-9F44-8FBCE06441B0}.Debug|x64.Build.0 = Debug|Any CPU
		{ED7D4E70-B547-47D9-9F44-8FBCE06441B0}.Debug|x86.ActiveCfg = Debug|Any CPU
		{ED7D4E70-B547-47D9-9F44-8FBCE06441B0}.Debug|x86.Build.0 = Debug|Any CPU
		{ED7D4E70-B547-47D9-9F44-8FBCE06441B0}.Release|Any CPU.ActiveCfg = Release|Any CPU
		{ED7D4E70-B547-47D9-9F44-8FBCE06441B0}.Release|Any CPU.Build.0 = Release|Any CPU
		{ED7D4E70-B547-47D9-9F44-8FBCE06441B0}.Release|x64.ActiveCfg = Release|Any CPU
		{ED7D4E70-B547-47D9-9F44-8FBCE06441B0}.Release|x64.Build.0 = Release|Any CPU
		{ED7D4E70-B547-47D9-9F44-8FBCE06441B0}.Release|x86.ActiveCfg = Release|Any CPU
		{ED7D4E70-B547-47D9-9F44-8FBCE06441B0}.Release|x86.Build.0 = Release|Any CPU
		{07AD29B8-B8AE-4AE9-AF34-7CA2F49935B9}.Debug|Any CPU.ActiveCfg = Debug|Any CPU
		{07AD29B8-B8AE-4AE9-AF34-7CA2F49935B9}.Debug|Any CPU.Build.0 = Debug|Any CPU
		{07AD29B8-B8AE-4AE9-AF34-7CA2F49935B9}.Debug|x64.ActiveCfg = Debug|Any CPU
		{07AD29B8-B8AE-4AE9-AF34-7CA2F49935B9}.Debug|x64.Build.0 = Debug|Any CPU
		{07AD29B8-B8AE-4AE9-AF34-7CA2F49935B9}.Debug|x86.ActiveCfg = Debug|Any CPU
		{07AD29B8-B8AE-4AE9-AF34-7CA2F49935B9}.Debug|x86.Build.0 = Debug|Any CPU
		{07AD29B8-B8AE-4AE9-AF34-7CA2F49935B9}.Release|Any CPU.ActiveCfg = Release|Any CPU
		{07AD29B8-B8AE-4AE9-AF34-7CA2F49935B9}.Release|Any CPU.Build.0 = Release|Any CPU
		{07AD29B8-B8AE-4AE9-AF34-7CA2F49935B9}.Release|x64.ActiveCfg = Release|Any CPU
		{07AD29B8-B8AE-4AE9-AF34-7CA2F49935B9}.Release|x64.Build.0 = Release|Any CPU
		{07AD29B8-B8AE-4AE9-AF34-7CA2F49935B9}.Release|x86.ActiveCfg = Release|Any CPU
		{07AD29B8-B8AE-4AE9-AF34-7CA2F49935B9}.Release|x86.Build.0 = Release|Any CPU
		{1C776D22-CFB5-4BEB-97E6-4A8751333FC8}.Debug|Any CPU.ActiveCfg = Debug|Any CPU
		{1C776D22-CFB5-4BEB-97E6-4A8751333FC8}.Debug|Any CPU.Build.0 = Debug|Any CPU
		{1C776D22-CFB5-4BEB-97E6-4A8751333FC8}.Debug|x64.ActiveCfg = Debug|Any CPU
		{1C776D22-CFB5-4BEB-97E6-4A8751333FC8}.Debug|x64.Build.0 = Debug|Any CPU
		{1C776D22-CFB5-4BEB-97E6-4A8751333FC8}.Debug|x86.ActiveCfg = Debug|Any CPU
		{1C776D22-CFB5-4BEB-97E6-4A8751333FC8}.Debug|x86.Build.0 = Debug|Any CPU
		{1C776D22-CFB5-4BEB-97E6-4A8751333FC8}.Release|Any CPU.ActiveCfg = Release|Any CPU
		{1C776D22-CFB5-4BEB-97E6-4A8751333FC8}.Release|Any CPU.Build.0 = Release|Any CPU
		{1C776D22-CFB5-4BEB-97E6-4A8751333FC8}.Release|x64.ActiveCfg = Release|Any CPU
		{1C776D22-CFB5-4BEB-97E6-4A8751333FC8}.Release|x64.Build.0 = Release|Any CPU
		{1C776D22-CFB5-4BEB-97E6-4A8751333FC8}.Release|x86.ActiveCfg = Release|Any CPU
		{1C776D22-CFB5-4BEB-97E6-4A8751333FC8}.Release|x86.Build.0 = Release|Any CPU
		{D40391C1-0943-4AE1-A1CA-5D26DC409CE2}.Debug|Any CPU.ActiveCfg = Debug|Any CPU
		{D40391C1-0943-4AE1-A1CA-5D26DC409CE2}.Debug|Any CPU.Build.0 = Debug|Any CPU
		{D40391C1-0943-4AE1-A1CA-5D26DC409CE2}.Debug|x64.ActiveCfg = Debug|Any CPU
		{D40391C1-0943-4AE1-A1CA-5D26DC409CE2}.Debug|x64.Build.0 = Debug|Any CPU
		{D40391C1-0943-4AE1-A1CA-5D26DC409CE2}.Debug|x86.ActiveCfg = Debug|Any CPU
		{D40391C1-0943-4AE1-A1CA-5D26DC409CE2}.Debug|x86.Build.0 = Debug|Any CPU
		{D40391C1-0943-4AE1-A1CA-5D26DC409CE2}.Release|Any CPU.ActiveCfg = Release|Any CPU
		{D40391C1-0943-4AE1-A1CA-5D26DC409CE2}.Release|Any CPU.Build.0 = Release|Any CPU
		{D40391C1-0943-4AE1-A1CA-5D26DC409CE2}.Release|x64.ActiveCfg = Release|Any CPU
		{D40391C1-0943-4AE1-A1CA-5D26DC409CE2}.Release|x64.Build.0 = Release|Any CPU
		{D40391C1-0943-4AE1-A1CA-5D26DC409CE2}.Release|x86.ActiveCfg = Release|Any CPU
		{D40391C1-0943-4AE1-A1CA-5D26DC409CE2}.Release|x86.Build.0 = Release|Any CPU
		{2C5DABDF-3E2C-4A7F-8025-B9B5BD93F0B4}.Debug|Any CPU.ActiveCfg = Debug|Any CPU
		{2C5DABDF-3E2C-4A7F-8025-B9B5BD93F0B4}.Debug|Any CPU.Build.0 = Debug|Any CPU
		{2C5DABDF-3E2C-4A7F-8025-B9B5BD93F0B4}.Debug|x64.ActiveCfg = Debug|Any CPU
		{2C5DABDF-3E2C-4A7F-8025-B9B5BD93F0B4}.Debug|x64.Build.0 = Debug|Any CPU
		{2C5DABDF-3E2C-4A7F-8025-B9B5BD93F0B4}.Debug|x86.ActiveCfg = Debug|Any CPU
		{2C5DABDF-3E2C-4A7F-8025-B9B5BD93F0B4}.Debug|x86.Build.0 = Debug|Any CPU
		{2C5DABDF-3E2C-4A7F-8025-B9B5BD93F0B4}.Release|Any CPU.ActiveCfg = Release|Any CPU
		{2C5DABDF-3E2C-4A7F-8025-B9B5BD93F0B4}.Release|Any CPU.Build.0 = Release|Any CPU
		{2C5DABDF-3E2C-4A7F-8025-B9B5BD93F0B4}.Release|x64.ActiveCfg = Release|Any CPU
		{2C5DABDF-3E2C-4A7F-8025-B9B5BD93F0B4}.Release|x64.Build.0 = Release|Any CPU
		{2C5DABDF-3E2C-4A7F-8025-B9B5BD93F0B4}.Release|x86.ActiveCfg = Release|Any CPU
		{2C5DABDF-3E2C-4A7F-8025-B9B5BD93F0B4}.Release|x86.Build.0 = Release|Any CPU
		{4AA57AEC-1EB4-40A8-B71B-7F139C67D14C}.Debug|Any CPU.ActiveCfg = Debug|Any CPU
		{4AA57AEC-1EB4-40A8-B71B-7F139C67D14C}.Debug|Any CPU.Build.0 = Debug|Any CPU
		{4AA57AEC-1EB4-40A8-B71B-7F139C67D14C}.Debug|x64.ActiveCfg = Debug|Any CPU
		{4AA57AEC-1EB4-40A8-B71B-7F139C67D14C}.Debug|x64.Build.0 = Debug|Any CPU
		{4AA57AEC-1EB4-40A8-B71B-7F139C67D14C}.Debug|x86.ActiveCfg = Debug|Any CPU
		{4AA57AEC-1EB4-40A8-B71B-7F139C67D14C}.Debug|x86.Build.0 = Debug|Any CPU
		{4AA57AEC-1EB4-40A8-B71B-7F139C67D14C}.Release|Any CPU.ActiveCfg = Release|Any CPU
		{4AA57AEC-1EB4-40A8-B71B-7F139C67D14C}.Release|Any CPU.Build.0 = Release|Any CPU
		{4AA57AEC-1EB4-40A8-B71B-7F139C67D14C}.Release|x64.ActiveCfg = Release|Any CPU
		{4AA57AEC-1EB4-40A8-B71B-7F139C67D14C}.Release|x64.Build.0 = Release|Any CPU
		{4AA57AEC-1EB4-40A8-B71B-7F139C67D14C}.Release|x86.ActiveCfg = Release|Any CPU
		{4AA57AEC-1EB4-40A8-B71B-7F139C67D14C}.Release|x86.Build.0 = Release|Any CPU
	EndGlobalSection
	GlobalSection(SolutionProperties) = preSolution
		HideSolutionNode = FALSE
	EndGlobalSection
EndGlobal
